{
  "pins" : [
    {
      "identity" : "aexml",
      "kind" : "remoteSourceControl",
      "location" : "https://github.com/tadija/AEXML.git",
      "state" : {
        "revision" : "38f7d00b23ecd891e1ee656fa6aeebd6ba04ecc3",
        "version" : "4.6.1"
      }
    },
    {
      "identity" : "bootstrappkit",
      "kind" : "remoteSourceControl",
      "location" : "https://github.com/apparata/BootstrappKit.git",
      "state" : {
        "revision" : "cbc78b5d19b03bf084b8b4be0740c28362ee6088",
        "version" : "0.0.9"
      }
    },
    {
      "identity" : "graphviz",
      "kind" : "remoteSourceControl",
      "location" : "https://github.com/SwiftDocOrg/GraphViz.git",
      "state" : {
        "revision" : "70bebcf4597b9ce33e19816d6bbd4ba9b7bdf038",
        "version" : "0.2.0"
      }
    },
    {
      "identity" : "jsonutilities",
      "kind" : "remoteSourceControl",
      "location" : "https://github.com/yonaskolb/JSONUtilities.git",
      "state" : {
        "revision" : "128d2ffc22467f69569ef8ff971683e2393191a0",
        "version" : "4.2.0"
      }
    },
    {
      "identity" : "markin",
      "kind" : "remoteSourceControl",
      "location" : "https://github.com/apparata/Markin.git",
      "state" : {
        "revision" : "13bbf953356a36cbdd7e004b9ffe23f95fe9f3a9",
        "version" : "0.7.0"
      }
    },
    {
      "identity" : "pathkit",
      "kind" : "remoteSourceControl",
      "location" : "https://github.com/kylef/PathKit.git",
      "state" : {
        "revision" : "3bfd2737b700b9a36565a8c94f4ad2b050a5e574",
        "version" : "1.0.1"
      }
    },
    {
      "identity" : "rainbow",
      "kind" : "remoteSourceControl",
      "location" : "https://github.com/onevcat/Rainbow.git",
      "state" : {
        "revision" : "626c3d4b6b55354b4af3aa309f998fae9b31a3d9",
        "version" : "3.2.0"
      }
    },
    {
      "identity" : "spectre",
      "kind" : "remoteSourceControl",
      "location" : "https://github.com/kylef/Spectre.git",
      "state" : {
        "revision" : "26cc5e9ae0947092c7139ef7ba612e34646086c7",
        "version" : "0.10.1"
      }
    },
    {
      "identity" : "splash",
      "kind" : "remoteSourceControl",
      "location" : "https://github.com/JohnSundell/Splash.git",
      "state" : {
        "revision" : "7f4df436eb78fe64fe2c32c58006e9949fa28ad8",
        "version" : "0.16.0"
      }
    },
    {
      "identity" : "swiftcli",
      "kind" : "remoteSourceControl",
      "location" : "https://github.com/jakeheis/SwiftCLI.git",
      "state" : {
        "revision" : "2e949055d9797c1a6bddcda0e58dada16cc8e970",
        "version" : "6.0.3"
      }
    },
    {
      "identity" : "swiftuitoolbox",
      "kind" : "remoteSourceControl",
      "location" : "https://github.com/apparata/SwiftUIToolbox.git",
      "state" : {
        "revision" : "d5e4d75514ee86ff9b3541a64a85da72213c0f60",
        "version" : "0.7.1"
      }
    },
    {
      "identity" : "systemkit",
      "kind" : "remoteSourceControl",
      "location" : "https://github.com/apparata/SystemKit.git",
      "state" : {
        "revision" : "e3a58668b578d2bc6d8ea2e44f43381cdb9a4736",
        "version" : "1.5.0"
      }
    },
    {
      "identity" : "templatekit",
      "kind" : "remoteSourceControl",
      "location" : "https://github.com/apparata/TemplateKit.git",
      "state" : {
        "revision" : "a550c7b20b4e62285cc3824e839b18434e4ec7d5",
        "version" : "0.5.0"
      }
    },
    {
      "identity" : "version",
      "kind" : "remoteSourceControl",
      "location" : "https://github.com/mxcl/Version",
      "state" : {
        "revision" : "a94b48f36763c05629fc102837398505032dead9",
        "version" : "2.0.0"
      }
    },
    {
      "identity" : "xcodegen",
      "kind" : "remoteSourceControl",
      "location" : "https://github.com/yonaskolb/XcodeGen.git",
      "state" : {
        "revision" : "29bcb9259136f04781ef5d736471f01357e43b04",
        "version" : "2.29.0"
      }
    },
    {
      "identity" : "xcodeproj",
      "kind" : "remoteSourceControl",
      "location" : "https://github.com/tuist/XcodeProj.git",
      "state" : {
        "revision" : "c75c3acc25460195cfd203a04dde165395bf00e0",
        "version" : "8.7.1"
      }
    },
    {
      "identity" : "yams",
      "kind" : "remoteSourceControl",
      "location" : "https://github.com/jpsim/Yams.git",
      "state" : {
        "revision" : "9ff1cc9327586db4e0c8f46f064b6a82ec1566fa",
        "version" : "4.0.6"
      }
    }
  ],
  "version" : 2
}
