{
  "originHash" : "774d7967de40fb5465ec00a20ca01422804764ec7ca7aa3fce2ed98d1fbfec57",
  "pins" : [
    {
      "identity" : "aexml",
      "kind" : "remoteSourceControl",
      "location" : "https://github.com/tadija/AEXML.git",
      "state" : {
        "revision" : "db806756c989760b35108146381535aec231092b",
        "version" : "4.7.0"
      }
    },
    {
      "identity" : "attributionsui",
      "kind" : "remoteSourceControl",
      "location" : "https://github.com/apparata/AttributionsUI.git",
      "state" : {
        "revision" : "c655ceb2eafc49d727a539c2e9aac41eae845cc1",
        "version" : "1.1.0"
      }
    },
    {
      "identity" : "bootstrappkit",
      "kind" : "remoteSourceControl",
      "location" : "https://github.com/apparata/BootstrappKit.git",
      "state" : {
        "revision" : "5e8552c577f8f1cb200d4433a40a8b1227f745af",
        "version" : "1.3.0"
      }
    },
    {
      "identity" : "graphviz",
      "kind" : "remoteSourceControl",
      "location" : "https://github.com/SwiftDocOrg/GraphViz.git",
      "state" : {
        "revision" : "70bebcf4597b9ce33e19816d6bbd4ba9b7bdf038",
        "version" : "0.2.0"
      }
    },
    {
      "identity" : "jsonutilities",
      "kind" : "remoteSourceControl",
      "location" : "https://github.com/yonaskolb/JSONUtilities.git",
      "state" : {
        "revision" : "128d2ffc22467f69569ef8ff971683e2393191a0",
        "version" : "4.2.0"
      }
    },
    {
      "identity" : "markin",
      "kind" : "remoteSourceControl",
      "location" : "https://github.com/apparata/Markin.git",
      "state" : {
        "revision" : "31f943612b93cff993924e75e7b858ff9008b6bc",
        "version" : "0.7.1"
      }
    },
    {
      "identity" : "pathkit",
      "kind" : "remoteSourceControl",
      "location" : "https://github.com/kylef/PathKit.git",
      "state" : {
        "revision" : "3bfd2737b700b9a36565a8c94f4ad2b050a5e574",
        "version" : "1.0.1"
      }
    },
    {
      "identity" : "rainbow",
      "kind" : "remoteSourceControl",
      "location" : "https://github.com/onevcat/Rainbow.git",
      "state" : {
        "revision" : "626c3d4b6b55354b4af3aa309f998fae9b31a3d9",
        "version" : "3.2.0"
      }
    },
    {
      "identity" : "spectre",
      "kind" : "remoteSourceControl",
      "location" : "https://github.com/kylef/Spectre.git",
      "state" : {
        "revision" : "26cc5e9ae0947092c7139ef7ba612e34646086c7",
        "version" : "0.10.1"
      }
    },
    {
      "identity" : "splash",
      "kind" : "remoteSourceControl",
      "location" : "https://github.com/JohnSundell/Splash.git",
      "state" : {
        "revision" : "7f4df436eb78fe64fe2c32c58006e9949fa28ad8",
        "version" : "0.16.0"
      }
    },
    {
      "identity" : "swiftcli",
      "kind" : "remoteSourceControl",
      "location" : "https://github.com/jakeheis/SwiftCLI.git",
      "state" : {
        "revision" : "2e949055d9797c1a6bddcda0e58dada16cc8e970",
        "version" : "6.0.3"
      }
    },
    {
      "identity" : "swiftuitoolbox",
      "kind" : "remoteSourceControl",
      "location" : "https://github.com/apparata/SwiftUIToolbox.git",
      "state" : {
        "revision" : "032f1e9c966e052e1bb6c8455ed3b43c84f27cbf",
        "version" : "1.4.0"
      }
    },
    {
      "identity" : "systemkit",
      "kind" : "remoteSourceControl",
      "location" : "https://github.com/apparata/SystemKit.git",
      "state" : {
        "revision" : "efea6e1d2fb036fdc692d2922feab9ee1c604ec6",
        "version" : "1.6.0"
      }
    },
    {
      "identity" : "templatekit",
      "kind" : "remoteSourceControl",
      "location" : "https://github.com/apparata/TemplateKit.git",
      "state" : {
        "revision" : "2c3e8ea8d779637a30d741bc7280dabe72c23155",
        "version" : "0.6.0"
      }
    },
    {
      "identity" : "version",
      "kind" : "remoteSourceControl",
      "location" : "https://github.com/mxcl/Version",
      "state" : {
        "revision" : "303a0f916772545e1e8667d3104f83be708a723c",
        "version" : "2.1.0"
      }
    },
    {
      "identity" : "xcodegen",
      "kind" : "remoteSourceControl",
      "location" : "https://github.com/yonaskolb/XcodeGen.git",
      "state" : {
        "revision" : "87a275fb0852bb231550e66473804de57063c957",
        "version" : "2.38.0"
      }
    },
    {
      "identity" : "xcodeproj",
      "kind" : "remoteSourceControl",
      "location" : "https://github.com/tuist/XcodeProj.git",
      "state" : {
        "revision" : "b1caa062d4aaab3e3d2bed5fe0ac5f8ce9bf84f4",
        "version" : "8.27.7"
      }
    },
    {
      "identity" : "yams",
      "kind" : "remoteSourceControl",
      "location" : "https://github.com/jpsim/Yams.git",
      "state" : {
        "revision" : "b4b8042411dc7bbb696300a34a4bf3ba1b7ad19b",
        "version" : "5.3.1"
      }
    }
  ],
  "version" : 3
}
