// !$*UTF8*$!
{
	archiveVersion = 1;
	classes = {
	};
	objectVersion = 70;
	objects = {

/* Begin PBXBuildFile section */
		414EDC8F2F7961450055C855 /* Sparkle in Frameworks */ = {isa = PBXBuildFile; productRef = 414EDC8E2F7961450055C855 /* Sparkle */; };
		415AEF902A9264F40003B332 /* AttributionsUI in Frameworks */ = {isa = PBXBuildFile; productRef = 415AEF8F2A9264F40003B332 /* AttributionsUI */; };
		5B66E4D5237DA8C400E7D0B9 /* Preview Assets.xcassets in Resources */ = {isa = PBXBuildFile; fileRef = 5B66E4D4237DA8C400E7D0B9 /* Preview Assets.xcassets */; };
		5B87530923846E6B007C9267 /* SwiftUIToolbox in Frameworks */ = {isa = PBXBuildFile; productRef = 5B87530823846E6B007C9267 /* SwiftUIToolbox */; };
		5B875323238928E8007C9267 /* Splash in Frameworks */ = {isa = PBXBuildFile; productRef = 5B875322238928E8007C9267 /* Splash */; };
		5BCA94882764C907003AFC4D /* SystemKit in Frameworks */ = {isa = PBXBuildFile; productRef = 5BCA94872764C907003AFC4D /* SystemKit */; };
		5BCD3A71239D9297004A811A /* BootstrappKit in Frameworks */ = {isa = PBXBuildFile; productRef = 5BCD3A70239D9297004A811A /* BootstrappKit */; };
		5BEC048F238F1E8600A72DBE /* SettingPresets in Resources */ = {isa = PBXBuildFile; fileRef = 5BEC048E238F1E8600A72DBE /* SettingPresets */; };
/* End PBXBuildFile section */

/* Begin PBXFileReference section */
		5B66E4CA237DA8C200E7D0B9 /* Bootstrapp.app */ = {isa = PBXFileReference; explicitFileType = wrapper.application; includeInIndex = 0; path = Bootstrapp.app; sourceTree = BUILT_PRODUCTS_DIR; };
		5B66E4D4237DA8C400E7D0B9 /* Preview Assets.xcassets */ = {isa = PBXFileReference; lastKnownFileType = folder.assetcatalog; path = "Preview Assets.xcassets"; sourceTree = "<group>"; };
		5BEC048E238F1E8600A72DBE /* SettingPresets */ = {isa = PBXFileReference; lastKnownFileType = folder; path = SettingPresets; sourceTree = "<group>"; };
/* End PBXFileReference section */

/* Begin PBXFileSystemSynchronizedBuildFileExceptionSet section */
		414EDD5B2F7965B70055C855 /* PBXFileSystemSynchronizedBuildFileExceptionSet */ = {
			isa = PBXFileSystemSynchronizedBuildFileExceptionSet;
			membershipExceptions = (
				Info.plist,
			);
			target = 5B66E4C9237DA8C200E7D0B9 /* Bootstrapp */;
		};
/* End PBXFileSystemSynchronizedBuildFileExceptionSet section */

/* Begin PBXFileSystemSynchronizedRootGroup section */
		414EDD2E2F7965B60055C855 /* Bootstrapp */ = {isa = PBXFileSystemSynchronizedRootGroup; exceptions = (414EDD5B2F7965B70055C855 /* PBXFileSystemSynchronizedBuildFileExceptionSet */, ); explicitFileTypes = {}; explicitFolders = (); path = Bootstrapp; sourceTree = "<group>"; };
/* End PBXFileSystemSynchronizedRootGroup section */

/* Begin PBXFrameworksBuildPhase section */
		5B66E4C7237DA8C200E7D0B9 /* Frameworks */ = {
			isa = PBXFrameworksBuildPhase;
			buildActionMask = 2147483647;
			files = (
				5BCA94882764C907003AFC4D /* SystemKit in Frameworks */,
				5B87530923846E6B007C9267 /* SwiftUIToolbox in Frameworks */,
				5B875323238928E8007C9267 /* Splash in Frameworks */,
				414EDC8F2F7961450055C855 /* Sparkle in Frameworks */,
				5BCD3A71239D9297004A811A /* BootstrappKit in Frameworks */,
				415AEF902A9264F40003B332 /* AttributionsUI in Frameworks */,
			);
			runOnlyForDeploymentPostprocessing = 0;
		};
/* End PBXFrameworksBuildPhase section */

/* Begin PBXGroup section */
		419B7805283D8AE700B6044D /* Local Packages */ = {
			isa = PBXGroup;
			children = (
			);
			name = "Local Packages";
			sourceTree = "<group>";
		};
		5B66E4C1237DA8C200E7D0B9 = {
			isa = PBXGroup;
			children = (
				414EDD2E2F7965B60055C855 /* Bootstrapp */,
				5B66E4D3237DA8C400E7D0B9 /* Preview Content */,
				419B7805283D8AE700B6044D /* Local Packages */,
				5BEC0490238F202F00A72DBE /* Settings Presets from XcodeGen 2.38.0 */,
				5B66E4CB237DA8C200E7D0B9 /* Products */,
				5B66E4E2237DC8F600E7D0B9 /* Frameworks */,
			);
			sourceTree = "<group>";
		};
		5B66E4CB237DA8C200E7D0B9 /* Products */ = {
			isa = PBXGroup;
			children = (
				5B66E4CA237DA8C200E7D0B9 /* Bootstrapp.app */,
			);
			name = Products;
			sourceTree = "<group>";
		};
		5B66E4D3237DA8C400E7D0B9 /* Preview Content */ = {
			isa = PBXGroup;
			children = (
				5B66E4D4237DA8C400E7D0B9 /* Preview Assets.xcassets */,
			);
			path = "Preview Content";
			sourceTree = "<group>";
		};
		5B66E4E2237DC8F600E7D0B9 /* Frameworks */ = {
			isa = PBXGroup;
			children = (
			);
			name = Frameworks;
			sourceTree = "<group>";
		};
		5BEC0490238F202F00A72DBE /* Settings Presets from XcodeGen 2.38.0 */ = {
			isa = PBXGroup;
			children = (
				5BEC048E238F1E8600A72DBE /* SettingPresets */,
			);
			name = "Settings Presets from XcodeGen 2.38.0";
			sourceTree = "<group>";
		};
/* End PBXGroup section */

/* Begin PBXNativeTarget section */
		5B66E4C9237DA8C200E7D0B9 /* Bootstrapp */ = {
			isa = PBXNativeTarget;
			buildConfigurationList = 5B66E4DD237DA8C400E7D0B9 /* Build configuration list for PBXNativeTarget "Bootstrapp" */;
			buildPhases = (
				5B66E4C6237DA8C200E7D0B9 /* Sources */,
				5B66E4C7237DA8C200E7D0B9 /* Frameworks */,
				5B66E4C8237DA8C200E7D0B9 /* Resources */,
			);
			buildRules = (
			);
			dependencies = (
				5B66E4E8237DC8FE00E7D0B9 /* PBXTargetDependency */,
				5B66E4EA237DC8FE00E7D0B9 /* PBXTargetDependency */,
			);
			fileSystemSynchronizedGroups = (
				414EDD2E2F7965B60055C855 /* Bootstrapp */,
			);
			name = Bootstrapp;
			packageProductDependencies = (
				5B87530823846E6B007C9267 /* SwiftUIToolbox */,
				5B875322238928E8007C9267 /* Splash */,
				5BCD3A70239D9297004A811A /* BootstrappKit */,
				5BCA94872764C907003AFC4D /* SystemKit */,
				415AEF8F2A9264F40003B332 /* AttributionsUI */,
				414EDC8E2F7961450055C855 /* Sparkle */,
			);
			productName = Bootstrapp;
			productReference = 5B66E4CA237DA8C200E7D0B9 /* Bootstrapp.app */;
			productType = "com.apple.product-type.application";
		};
/* End PBXNativeTarget section */

/* Begin PBXProject section */
		5B66E4C2237DA8C200E7D0B9 /* Project object */ = {
			isa = PBXProject;
			attributes = {
				BuildIndependentTargetsInParallel = YES;
				LastSwiftUpdateCheck = 1120;
				LastUpgradeCheck = 2640;
				ORGANIZATIONNAME = "Apparata AB";
				TargetAttributes = {
					5B66E4C9237DA8C200E7D0B9 = {
						CreatedOnToolsVersion = 11.2.1;
					};
				};
			};
			buildConfigurationList = 5B66E4C5237DA8C200E7D0B9 /* Build configuration list for PBXProject "Bootstrapp" */;
			compatibilityVersion = "Xcode 9.3";
			developmentRegion = en;
			hasScannedForEncodings = 0;
			knownRegions = (
				en,
				Base,
			);
			mainGroup = 5B66E4C1237DA8C200E7D0B9;
			packageReferences = (
				5B87530723846E6B007C9267 /* XCRemoteSwiftPackageReference "SwiftUIToolbox" */,
				5B875321238928E8007C9267 /* XCRemoteSwiftPackageReference "Splash" */,
				5BCD3A6F239D9297004A811A /* XCRemoteSwiftPackageReference "BootstrappKit" */,
				5BCA94862764C907003AFC4D /* XCRemoteSwiftPackageReference "SystemKit" */,
				415AEF8E2A9264F40003B332 /* XCRemoteSwiftPackageReference "AttributionsUI" */,
				414EDC8D2F7961450055C855 /* XCRemoteSwiftPackageReference "Sparkle" */,
			);
			productRefGroup = 5B66E4CB237DA8C200E7D0B9 /* Products */;
			projectDirPath = "";
			projectRoot = "";
			targets = (
				5B66E4C9237DA8C200E7D0B9 /* Bootstrapp */,
			);
		};
/* End PBXProject section */

/* Begin PBXResourcesBuildPhase section */
		5B66E4C8237DA8C200E7D0B9 /* Resources */ = {
			isa = PBXResourcesBuildPhase;
			buildActionMask = 2147483647;
			files = (
				5B66E4D5237DA8C400E7D0B9 /* Preview Assets.xcassets in Resources */,
				5BEC048F238F1E8600A72DBE /* SettingPresets in Resources */,
			);
			runOnlyForDeploymentPostprocessing = 0;
		};
/* End PBXResourcesBuildPhase section */

/* Begin PBXSourcesBuildPhase section */
		5B66E4C6237DA8C200E7D0B9 /* Sources */ = {
			isa = PBXSourcesBuildPhase;
			buildActionMask = 2147483647;
			files = (
			);
			runOnlyForDeploymentPostprocessing = 0;
		};
/* End PBXSourcesBuildPhase section */

/* Begin PBXTargetDependency section */
		5B66E4E8237DC8FE00E7D0B9 /* PBXTargetDependency */ = {
			isa = PBXTargetDependency;
			productRef = 5B66E4E7237DC8FE00E7D0B9 /* BootstrappKit */;
		};
		5B66E4EA237DC8FE00E7D0B9 /* PBXTargetDependency */ = {
			isa = PBXTargetDependency;
			productRef = 5B66E4E9237DC8FE00E7D0B9 /* SwiftUIToolbox */;
		};
/* End PBXTargetDependency section */

/* Begin XCBuildConfiguration section */
		5B66E4DB237DA8C400E7D0B9 /* Debug */ = {
			isa = XCBuildConfiguration;
			buildSettings = {
				ALWAYS_SEARCH_USER_PATHS = NO;
				ASSETCATALOG_COMPILER_GENERATE_SWIFT_ASSET_SYMBOL_EXTENSIONS = YES;
				CLANG_ANALYZER_NONNULL = YES;
				CLANG_ANALYZER_NUMBER_OBJECT_CONVERSION = YES_AGGRESSIVE;
				CLANG_CXX_LANGUAGE_STANDARD = "gnu++14";
				CLANG_CXX_LIBRARY = "libc++";
				CLANG_ENABLE_MODULES = YES;
				CLANG_ENABLE_OBJC_ARC = YES;
				CLANG_ENABLE_OBJC_WEAK = YES;
				CLANG_WARN_BLOCK_CAPTURE_AUTORELEASING = YES;
				CLANG_WARN_BOOL_CONVERSION = YES;
				CLANG_WARN_COMMA = YES;
				CLANG_WARN_CONSTANT_CONVERSION = YES;
				CLANG_WARN_DEPRECATED_OBJC_IMPLEMENTATIONS = YES;
				CLANG_WARN_DIRECT_OBJC_ISA_USAGE = YES_ERROR;
				CLANG_WARN_DOCUMENTATION_COMMENTS = YES;
				CLANG_WARN_EMPTY_BODY = YES;
				CLANG_WARN_ENUM_CONVERSION = YES;
				CLANG_WARN_INFINITE_RECURSION = YES;
				CLANG_WARN_INT_CONVERSION = YES;
				CLANG_WARN_NON_LITERAL_NULL_CONVERSION = YES;
				CLANG_WARN_OBJC_IMPLICIT_RETAIN_SELF = YES;
				CLANG_WARN_OBJC_LITERAL_CONVERSION = YES;
				CLANG_WARN_OBJC_ROOT_CLASS = YES_ERROR;
				CLANG_WARN_QUOTED_INCLUDE_IN_FRAMEWORK_HEADER = YES;
				CLANG_WARN_RANGE_LOOP_ANALYSIS = YES;
				CLANG_WARN_STRICT_PROTOTYPES = YES;
				CLANG_WARN_SUSPICIOUS_MOVE = YES;
				CLANG_WARN_UNGUARDED_AVAILABILITY = YES_AGGRESSIVE;
				CLANG_WARN_UNREACHABLE_CODE = YES;
				CLANG_WARN__DUPLICATE_METHOD_MATCH = YES;
				COPY_PHASE_STRIP = NO;
				DEAD_CODE_STRIPPING = YES;
				DEBUG_INFORMATION_FORMAT = dwarf;
				DEVELOPMENT_TEAM = DR5YAK7GKS;
				ENABLE_STRICT_OBJC_MSGSEND = YES;
				ENABLE_TESTABILITY = YES;
				ENABLE_USER_SCRIPT_SANDBOXING = YES;
				GCC_C_LANGUAGE_STANDARD = gnu11;
				GCC_DYNAMIC_NO_PIC = NO;
				GCC_NO_COMMON_BLOCKS = YES;
				GCC_OPTIMIZATION_LEVEL = 0;
				GCC_PREPROCESSOR_DEFINITIONS = (
					"DEBUG=1",
					"$(inherited)",
				);
				GCC_WARN_64_TO_32_BIT_CONVERSION = YES;
				GCC_WARN_ABOUT_RETURN_TYPE = YES_ERROR;
				GCC_WARN_UNDECLARED_SELECTOR = YES;
				GCC_WARN_UNINITIALIZED_AUTOS = YES_AGGRESSIVE;
				GCC_WARN_UNUSED_FUNCTION = YES;
				GCC_WARN_UNUSED_VARIABLE = YES;
				MACOSX_DEPLOYMENT_TARGET = 13.0;
				MTL_ENABLE_DEBUG_INFO = INCLUDE_SOURCE;
				MTL_FAST_MATH = YES;
				ONLY_ACTIVE_ARCH = YES;
				SDKROOT = macosx;
				STRING_CATALOG_GENERATE_SYMBOLS = YES;
				SWIFT_ACTIVE_COMPILATION_CONDITIONS = DEBUG;
				SWIFT_OPTIMIZATION_LEVEL = "-Onone";
			};
			name = Debug;
		};
		5B66E4DC237DA8C400E7D0B9 /* Release */ = {
			isa = XCBuildConfiguration;
			buildSettings = {
				ALWAYS_SEARCH_USER_PATHS = NO;
				ASSETCATALOG_COMPILER_GENERATE_SWIFT_ASSET_SYMBOL_EXTENSIONS = YES;
				CLANG_ANALYZER_NONNULL = YES;
				CLANG_ANALYZER_NUMBER_OBJECT_CONVERSION = YES_AGGRESSIVE;
				CLANG_CXX_LANGUAGE_STANDARD = "gnu++14";
				CLANG_CXX_LIBRARY = "libc++";
				CLANG_ENABLE_MODULES = YES;
				CLANG_ENABLE_OBJC_ARC = YES;
				CLANG_ENABLE_OBJC_WEAK = YES;
				CLANG_WARN_BLOCK_CAPTURE_AUTORELEASING = YES;
				CLANG_WARN_BOOL_CONVERSION = YES;
				CLANG_WARN_COMMA = YES;
				CLANG_WARN_CONSTANT_CONVERSION = YES;
				CLANG_WARN_DEPRECATED_OBJC_IMPLEMENTATIONS = YES;
				CLANG_WARN_DIRECT_OBJC_ISA_USAGE = YES_ERROR;
				CLANG_WARN_DOCUMENTATION_COMMENTS = YES;
				CLANG_WARN_EMPTY_BODY = YES;
				CLANG_WARN_ENUM_CONVERSION = YES;
				CLANG_WARN_INFINITE_RECURSION = YES;
				CLANG_WARN_INT_CONVERSION = YES;
				CLANG_WARN_NON_LITERAL_NULL_CONVERSION = YES;
				CLANG_WARN_OBJC_IMPLICIT_RETAIN_SELF = YES;
				CLANG_WARN_OBJC_LITERAL_CONVERSION = YES;
				CLANG_WARN_OBJC_ROOT_CLASS = YES_ERROR;
				CLANG_WARN_QUOTED_INCLUDE_IN_FRAMEWORK_HEADER = YES;
				CLANG_WARN_RANGE_LOOP_ANALYSIS = YES;
				CLANG_WARN_STRICT_PROTOTYPES = YES;
				CLANG_WARN_SUSPICIOUS_MOVE = YES;
				CLANG_WARN_UNGUARDED_AVAILABILITY = YES_AGGRESSIVE;
				CLANG_WARN_UNREACHABLE_CODE = YES;
				CLANG_WARN__DUPLICATE_METHOD_MATCH = YES;
				COPY_PHASE_STRIP = NO;
				DEAD_CODE_STRIPPING = YES;
				DEBUG_INFORMATION_FORMAT = "dwarf-with-dsym";
				DEVELOPMENT_TEAM = DR5YAK7GKS;
				ENABLE_NS_ASSERTIONS = NO;
				ENABLE_STRICT_OBJC_MSGSEND = YES;
				ENABLE_USER_SCRIPT_SANDBOXING = YES;
				GCC_C_LANGUAGE_STANDARD = gnu11;
				GCC_NO_COMMON_BLOCKS = YES;
				GCC_WARN_64_TO_32_BIT_CONVERSION = YES;
				GCC_WARN_ABOUT_RETURN_TYPE = YES_ERROR;
				GCC_WARN_UNDECLARED_SELECTOR = YES;
				GCC_WARN_UNINITIALIZED_AUTOS = YES_AGGRESSIVE;
				GCC_WARN_UNUSED_FUNCTION = YES;
				GCC_WARN_UNUSED_VARIABLE = YES;
				MACOSX_DEPLOYMENT_TARGET = 13.0;
				MTL_ENABLE_DEBUG_INFO = NO;
				MTL_FAST_MATH = YES;
				SDKROOT = macosx;
				STRING_CATALOG_GENERATE_SYMBOLS = YES;
				SWIFT_COMPILATION_MODE = wholemodule;
				SWIFT_OPTIMIZATION_LEVEL = "-O";
			};
			name = Release;
		};
		5B66E4DE237DA8C400E7D0B9 /* Debug */ = {
			isa = XCBuildConfiguration;
			buildSettings = {
				ASSETCATALOG_COMPILER_APPICON_NAME = AppIcon;
				CODE_SIGN_ENTITLEMENTS = Bootstrapp/Bootstrapp.entitlements;
				CODE_SIGN_IDENTITY = "-";
				CODE_SIGN_STYLE = Manual;
				COMBINE_HIDPI_IMAGES = YES;
				CURRENT_PROJECT_VERSION = 1.6.0;
				DEAD_CODE_STRIPPING = YES;
				DEVELOPMENT_ASSET_PATHS = "\"Preview Content\"";
				"DEVELOPMENT_TEAM[sdk=macosx*]" = DR5YAK7GKS;
				ENABLE_HARDENED_RUNTIME = YES;
				ENABLE_PREVIEWS = YES;
				INFOPLIST_FILE = Bootstrapp/Info.plist;
				LD_RUNPATH_SEARCH_PATHS = (
					"$(inherited)",
					"@executable_path/../Frameworks",
				);
				MACOSX_DEPLOYMENT_TARGET = 26.0;
				MARKETING_VERSION = 1.6.4;
				PRODUCT_BUNDLE_IDENTIFIER = se.apparata.Bootstrapp;
				PRODUCT_NAME = "$(TARGET_NAME)";
				PROVISIONING_PROFILE_SPECIFIER = "Bootstrapp Developer ID";
				"PROVISIONING_PROFILE_SPECIFIER[sdk=macosx*]" = "";
				SWIFT_VERSION = 5.0;
			};
			name = Debug;
		};
		5B66E4DF237DA8C400E7D0B9 /* Release */ = {
			isa = XCBuildConfiguration;
			buildSettings = {
				ASSETCATALOG_COMPILER_APPICON_NAME = AppIcon;
				CODE_SIGN_ENTITLEMENTS = Bootstrapp/Bootstrapp.entitlements;
				CODE_SIGN_IDENTITY = "-";
				"CODE_SIGN_IDENTITY[sdk=macosx*]" = "Developer ID Application";
				CODE_SIGN_STYLE = Manual;
				COMBINE_HIDPI_IMAGES = YES;
				CURRENT_PROJECT_VERSION = 1.6.0;
				DEAD_CODE_STRIPPING = YES;
				DEVELOPMENT_ASSET_PATHS = "\"Preview Content\"";
				"DEVELOPMENT_TEAM[sdk=macosx*]" = DR5YAK7GKS;
				ENABLE_HARDENED_RUNTIME = YES;
				ENABLE_PREVIEWS = YES;
				INFOPLIST_FILE = Bootstrapp/Info.plist;
				LD_RUNPATH_SEARCH_PATHS = (
					"$(inherited)",
					"@executable_path/../Frameworks",
				);
				MACOSX_DEPLOYMENT_TARGET = 26.0;
				MARKETING_VERSION = 1.6.4;
				PRODUCT_BUNDLE_IDENTIFIER = se.apparata.Bootstrapp;
				PRODUCT_NAME = "$(TARGET_NAME)";
				PROVISIONING_PROFILE_SPECIFIER = "";
				SWIFT_VERSION = 5.0;
			};
			name = Release;
		};
/* End XCBuildConfiguration section */

/* Begin XCConfigurationList section */
		5B66E4C5237DA8C200E7D0B9 /* Build configuration list for PBXProject "Bootstrapp" */ = {
			isa = XCConfigurationList;
			buildConfigurations = (
				5B66E4DB237DA8C400E7D0B9 /* Debug */,
				5B66E4DC237DA8C400E7D0B9 /* Release */,
			);
			defaultConfigurationIsVisible = 0;
			defaultConfigurationName = Release;
		};
		5B66E4DD237DA8C400E7D0B9 /* Build configuration list for PBXNativeTarget "Bootstrapp" */ = {
			isa = XCConfigurationList;
			buildConfigurations = (
				5B66E4DE237DA8C400E7D0B9 /* Debug */,
				5B66E4DF237DA8C400E7D0B9 /* Release */,
			);
			defaultConfigurationIsVisible = 0;
			defaultConfigurationName = Release;
		};
/* End XCConfigurationList section */

/* Begin XCRemoteSwiftPackageReference section */
		414EDC8D2F7961450055C855 /* XCRemoteSwiftPackageReference "Sparkle" */ = {
			isa = XCRemoteSwiftPackageReference;
			repositoryURL = "https://github.com/sparkle-project/Sparkle";
			requirement = {
				kind = upToNextMajorVersion;
				minimumVersion = 2.9.0;
			};
		};
		415AEF8E2A9264F40003B332 /* XCRemoteSwiftPackageReference "AttributionsUI" */ = {
			isa = XCRemoteSwiftPackageReference;
			repositoryURL = "https://github.com/apparata/AttributionsUI.git";
			requirement = {
				kind = exactVersion;
				version = 1.1.0;
			};
		};
		5B87530723846E6B007C9267 /* XCRemoteSwiftPackageReference "SwiftUIToolbox" */ = {
			isa = XCRemoteSwiftPackageReference;
			repositoryURL = "https://github.com/apparata/SwiftUIToolbox.git";
			requirement = {
				kind = exactVersion;
				version = 1.4.0;
			};
		};
		5B875321238928E8007C9267 /* XCRemoteSwiftPackageReference "Splash" */ = {
			isa = XCRemoteSwiftPackageReference;
			repositoryURL = "https://github.com/JohnSundell/Splash.git";
			requirement = {
				kind = exactVersion;
				version = 0.16.0;
			};
		};
		5BCA94862764C907003AFC4D /* XCRemoteSwiftPackageReference "SystemKit" */ = {
			isa = XCRemoteSwiftPackageReference;
			repositoryURL = "https://github.com/apparata/SystemKit.git";
			requirement = {
				kind = exactVersion;
				version = 1.6.0;
			};
		};
		5BCD3A6F239D9297004A811A /* XCRemoteSwiftPackageReference "BootstrappKit" */ = {
			isa = XCRemoteSwiftPackageReference;
			repositoryURL = "https://github.com/apparata/BootstrappKit.git";
			requirement = {
				kind = exactVersion;
				version = 1.3.6;
			};
		};
/* End XCRemoteSwiftPackageReference section */

/* Begin XCSwiftPackageProductDependency section */
		414EDC8E2F7961450055C855 /* Sparkle */ = {
			isa = XCSwiftPackageProductDependency;
			package = 414EDC8D2F7961450055C855 /* XCRemoteSwiftPackageReference "Sparkle" */;
			productName = Sparkle;
		};
		415AEF8F2A9264F40003B332 /* AttributionsUI */ = {
			isa = XCSwiftPackageProductDependency;
			package = 415AEF8E2A9264F40003B332 /* XCRemoteSwiftPackageReference "AttributionsUI" */;
			productName = AttributionsUI;
		};
		5B66E4E7237DC8FE00E7D0B9 /* BootstrappKit */ = {
			isa = XCSwiftPackageProductDependency;
			productName = BootstrappKit;
		};
		5B66E4E9237DC8FE00E7D0B9 /* SwiftUIToolbox */ = {
			isa = XCSwiftPackageProductDependency;
			productName = SwiftUIToolbox;
		};
		5B87530823846E6B007C9267 /* SwiftUIToolbox */ = {
			isa = XCSwiftPackageProductDependency;
			package = 5B87530723846E6B007C9267 /* XCRemoteSwiftPackageReference "SwiftUIToolbox" */;
			productName = SwiftUIToolbox;
		};
		5B875322238928E8007C9267 /* Splash */ = {
			isa = XCSwiftPackageProductDependency;
			package = 5B875321238928E8007C9267 /* XCRemoteSwiftPackageReference "Splash" */;
			productName = Splash;
		};
		5BCA94872764C907003AFC4D /* SystemKit */ = {
			isa = XCSwiftPackageProductDependency;
			package = 5BCA94862764C907003AFC4D /* XCRemoteSwiftPackageReference "SystemKit" */;
			productName = SystemKit;
		};
		5BCD3A70239D9297004A811A /* BootstrappKit */ = {
			isa = XCSwiftPackageProductDependency;
			package = 5BCD3A6F239D9297004A811A /* XCRemoteSwiftPackageReference "BootstrappKit" */;
			productName = BootstrappKit;
		};
/* End XCSwiftPackageProductDependency section */
	};
	rootObject = 5B66E4C2237DA8C200E7D0B9 /* Project object */;
}
